
Microsoft Visual Studio Solution File, Format Version 12.00
Project("{FAE04EC0-301F-11D3-BF4B-00C04F79EFBC}") = "NWN", "lib\NWN.csproj", "{7DFDAAD8-9266-44A4-86AB-1A8B4C6871DD}"
EndProject
Project("{FAE04EC0-301F-11D3-BF4B-00C04F79EFBC}") = "NWN.Sample", "Sample\NWN.Sample.csproj", "{3F78FFFC-2810-457B-83CC-20EE249CE3E5}"
EndProject
Global
	GlobalSection(SolutionConfigurationPlatforms) = preSolution
		Debug|Any CPU = Debug|Any CPU
		Release|Any CPU = Release|Any CPU
	EndGlobalSection
	GlobalSection(ProjectConfigurationPlatforms) = postSolution
		{7DFDAAD8-9266-44A4-86AB-1A8B4C6871DD}.Debug|Any CPU.ActiveCfg = Debug|Any CPU
		{7DFDAAD8-9266-44A4-86AB-1A8B4C6871DD}.Debug|Any CPU.Build.0 = Debug|Any CPU
		{7DFDAAD8-9266-44A4-86AB-1A8B4C6871DD}.Release|Any CPU.ActiveCfg = Release|Any CPU
		{7DFDAAD8-9266-44A4-86AB-1A8B4C6871DD}.Release|Any CPU.Build.0 = Release|Any CPU
		{3F78FFFC-2810-457B-83CC-20EE249CE3E5}.Debug|Any CPU.ActiveCfg = Debug|Any CPU
		{3F78FFFC-2810-457B-83CC-20EE249CE3E5}.Debug|Any CPU.Build.0 = Debug|Any CPU
		{3F78FFFC-2810-457B-83CC-20EE249CE3E5}.Release|Any CPU.ActiveCfg = Release|Any CPU
		{3F78FFFC-2810-457B-83CC-20EE249CE3E5}.Release|Any CPU.Build.0 = Release|Any CPU
	EndGlobalSection
EndGlobal
